
Microsoft Visual Studio Solution File, Format Version 12.00
# Visual Studio Version 17
VisualStudioVersion = 17.11.35312.102
MinimumVisualStudioVersion = 10.0.40219.1
Project("{FAE04EC0-301F-11D3-BF4B-00C04F79EFBC}") = "Git_taak_films", "Git_taak_films\Git_taak_films.csproj", "{F3844CB6-C653-4013-922C-64B8FE2A2979}"
EndProject
Global
	GlobalSection(SolutionConfigurationPlatforms) = preSolution
		Debug|Any CPU = Debug|Any CPU
		Release|Any CPU = Release|Any CPU
	EndGlobalSection
	GlobalSection(ProjectConfigurationPlatforms) = postSolution
		{F3844CB6-C653-4013-922C-64B8FE2A2979}.Debug|Any CPU.ActiveCfg = Debug|Any CPU
		{F3844CB6-C653-4013-922C-64B8FE2A2979}.Debug|Any CPU.Build.0 = Debug|Any CPU
		{F3844CB6-C653-4013-922C-64B8FE2A2979}.Release|Any CPU.ActiveCfg = Release|Any CPU
		{F3844CB6-C653-4013-922C-64B8FE2A2979}.Release|Any CPU.Build.0 = Release|Any CPU
	EndGlobalSection
	GlobalSection(SolutionProperties) = preSolution
		HideSolutionNode = FALSE
	EndGlobalSection
	GlobalSection(ExtensibilityGlobals) = postSolution
		SolutionGuid = {0340ED28-91BC-40B9-8880-9382E36D97A7}
	EndGlobalSection
EndGlobal
